
Microsoft Visual Studio Solution File, Format Version 12.00
# Visual Studio Version 16
VisualStudioVersion = 16.0.31313.79
MinimumVisualStudioVersion = 10.0.40219.1
Project("{FAE04EC0-301F-11D3-BF4B-00C04F79EFBC}") = "probnik", "probnik\probnik.csproj", "{ABCD74D4-727E-4FB5-BCAF-95B8DF9D333F}"
EndProject
Global
	GlobalSection(SolutionConfigurationPlatforms) = preSolution
		Debug|Any CPU = Debug|Any CPU
		Release|Any CPU = Release|Any CPU
	EndGlobalSection
	GlobalSection(ProjectConfigurationPlatforms) = postSolution
		{ABCD74D4-727E-4FB5-BCAF-95B8DF9D333F}.Debug|Any CPU.ActiveCfg = Debug|Any CPU
		{ABCD74D4-727E-4FB5-BCAF-95B8DF9D333F}.Debug|Any CPU.Build.0 = Debug|Any CPU
		{ABCD74D4-727E-4FB5-BCAF-95B8DF9D333F}.Release|Any CPU.ActiveCfg = Release|Any CPU
		{ABCD74D4-727E-4FB5-BCAF-95B8DF9D333F}.Release|Any CPU.Build.0 = Release|Any CPU
	EndGlobalSection
	GlobalSection(SolutionProperties) = preSolution
		HideSolutionNode = FALSE
	EndGlobalSection
	GlobalSection(ExtensibilityGlobals) = postSolution
		SolutionGuid = {D3ADE22A-0570-40B9-ACC7-989D606D6D6E}
	EndGlobalSection
EndGlobal
